
Microsoft Visual Studio Solution File, Format Version 12.00
# Visual Studio 15
Project("{FAE04EC0-301F-11D3-BF4B-00C04F79EFBC}") = "Wackronym-Mobile", "Wackronym-Mobile.csproj", "{C0D25CE6-E0D6-A0F6-7534-C90F3127B28A}"
EndProject
Project("{FAE04EC0-301F-11D3-BF4B-00C04F79EFBC}") = "Wackronym-Mobile.Editor.Plugins", "Wackronym-Mobile.Editor.Plugins.csproj", "{08D80F29-6FB9-A800-6F8B-5191BAB97E5A}"
EndProject
Project("{FAE04EC0-301F-11D3-BF4B-00C04F79EFBC}") = "Wackronym-Mobile.Editor", "Wackronym-Mobile.Editor.csproj", "{4A6C54D8-A7CB-86B6-6D9C-277238357021}"
EndProject
Global
	GlobalSection(SolutionConfigurationPlatforms) = preSolution
		Debug|Any CPU = Debug|Any CPU
		Release|Any CPU = Release|Any CPU
	EndGlobalSection
	GlobalSection(ProjectConfigurationPlatforms) = postSolution
		{C0D25CE6-E0D6-A0F6-7534-C90F3127B28A}.Debug|Any CPU.ActiveCfg = Debug|Any CPU
		{C0D25CE6-E0D6-A0F6-7534-C90F3127B28A}.Debug|Any CPU.Build.0 = Debug|Any CPU
		{C0D25CE6-E0D6-A0F6-7534-C90F3127B28A}.Release|Any CPU.ActiveCfg = Release|Any CPU
		{C0D25CE6-E0D6-A0F6-7534-C90F3127B28A}.Release|Any CPU.Build.0 = Release|Any CPU
		{08D80F29-6FB9-A800-6F8B-5191BAB97E5A}.Debug|Any CPU.ActiveCfg = Debug|Any CPU
		{08D80F29-6FB9-A800-6F8B-5191BAB97E5A}.Debug|Any CPU.Build.0 = Debug|Any CPU
		{08D80F29-6FB9-A800-6F8B-5191BAB97E5A}.Release|Any CPU.ActiveCfg = Release|Any CPU
		{08D80F29-6FB9-A800-6F8B-5191BAB97E5A}.Release|Any CPU.Build.0 = Release|Any CPU
		{4A6C54D8-A7CB-86B6-6D9C-277238357021}.Debug|Any CPU.ActiveCfg = Debug|Any CPU
		{4A6C54D8-A7CB-86B6-6D9C-277238357021}.Debug|Any CPU.Build.0 = Debug|Any CPU
		{4A6C54D8-A7CB-86B6-6D9C-277238357021}.Release|Any CPU.ActiveCfg = Release|Any CPU
		{4A6C54D8-A7CB-86B6-6D9C-277238357021}.Release|Any CPU.Build.0 = Release|Any CPU
	EndGlobalSection
	GlobalSection(SolutionProperties) = preSolution
		HideSolutionNode = FALSE
	EndGlobalSection
EndGlobal
